
Microsoft Visual Studio Solution File, Format Version 12.00
# Visual Studio Version 17
VisualStudioVersion = 17.8.34309.116
MinimumVisualStudioVersion = 10.0.40219.1
Project("{FAE04EC0-301F-11D3-BF4B-00C04F79EFBC}") = "PR", "PR.csproj", "{35CCEDC5-F1AF-47AB-98B2-4934FBCE125E}"
EndProject
Global
	GlobalSection(SolutionConfigurationPlatforms) = preSolution
		Debug|Any CPU = Debug|Any CPU
		Release|Any CPU = Release|Any CPU
	EndGlobalSection
	GlobalSection(ProjectConfigurationPlatforms) = postSolution
		{35CCEDC5-F1AF-47AB-98B2-4934FBCE125E}.Debug|Any CPU.ActiveCfg = Debug|Any CPU
		{35CCEDC5-F1AF-47AB-98B2-4934FBCE125E}.Debug|Any CPU.Build.0 = Debug|Any CPU
		{35CCEDC5-F1AF-47AB-98B2-4934FBCE125E}.Release|Any CPU.ActiveCfg = Release|Any CPU
		{35CCEDC5-F1AF-47AB-98B2-4934FBCE125E}.Release|Any CPU.Build.0 = Release|Any CPU
	EndGlobalSection
	GlobalSection(SolutionProperties) = preSolution
		HideSolutionNode = FALSE
	EndGlobalSection
	GlobalSection(ExtensibilityGlobals) = postSolution
		SolutionGuid = {CDDAB551-82B8-461F-A4CF-4A21D57F93C4}
	EndGlobalSection
EndGlobal
